
Microsoft Visual Studio Solution File, Format Version 12.00
# Visual Studio Version 16
VisualStudioVersion = 16.0.28803.452
MinimumVisualStudioVersion = 10.0.40219.1
Project("{FAE04EC0-301F-11D3-BF4B-00C04F79EFBC}") = "kurs", "kurs\kurs.csproj", "{615FFF47-83AF-4116-B62E-9BD80041AB58}"
EndProject
Global
	GlobalSection(SolutionConfigurationPlatforms) = preSolution
		Debug|Any CPU = Debug|Any CPU
		Release|Any CPU = Release|Any CPU
	EndGlobalSection
	GlobalSection(ProjectConfigurationPlatforms) = postSolution
		{615FFF47-83AF-4116-B62E-9BD80041AB58}.Debug|Any CPU.ActiveCfg = Debug|Any CPU
		{615FFF47-83AF-4116-B62E-9BD80041AB58}.Debug|Any CPU.Build.0 = Debug|Any CPU
		{615FFF47-83AF-4116-B62E-9BD80041AB58}.Release|Any CPU.ActiveCfg = Release|Any CPU
		{615FFF47-83AF-4116-B62E-9BD80041AB58}.Release|Any CPU.Build.0 = Release|Any CPU
	EndGlobalSection
	GlobalSection(SolutionProperties) = preSolution
		HideSolutionNode = FALSE
	EndGlobalSection
	GlobalSection(ExtensibilityGlobals) = postSolution
		SolutionGuid = {4C28BB1D-3E41-4FD3-88EC-732F165D365C}
	EndGlobalSection
EndGlobal
